
Microsoft Visual Studio Solution File, Format Version 12.00
# Visual Studio 15
VisualStudioVersion = 15.0.28307.438
MinimumVisualStudioVersion = 10.0.40219.1
Project("{FAE04EC0-301F-11D3-BF4B-00C04F79EFBC}") = "ExpenseIt", "ExpenseIt\ExpenseIt.csproj", "{A437819E-B811-4C40-8606-6B60FC2D9B30}"
EndProject
Global
	GlobalSection(SolutionConfigurationPlatforms) = preSolution
		Debug|Any CPU = Debug|Any CPU
		Release|Any CPU = Release|Any CPU
	EndGlobalSection
	GlobalSection(ProjectConfigurationPlatforms) = postSolution
		{A437819E-B811-4C40-8606-6B60FC2D9B30}.Debug|Any CPU.ActiveCfg = Debug|Any CPU
		{A437819E-B811-4C40-8606-6B60FC2D9B30}.Debug|Any CPU.Build.0 = Debug|Any CPU
		{A437819E-B811-4C40-8606-6B60FC2D9B30}.Release|Any CPU.ActiveCfg = Release|Any CPU
		{A437819E-B811-4C40-8606-6B60FC2D9B30}.Release|Any CPU.Build.0 = Release|Any CPU
	EndGlobalSection
	GlobalSection(SolutionProperties) = preSolution
		HideSolutionNode = FALSE
	EndGlobalSection
	GlobalSection(ExtensibilityGlobals) = postSolution
		SolutionGuid = {3ED3D541-FF88-435A-9539-35B5D9DBA2AA}
	EndGlobalSection
EndGlobal
